
Microsoft Visual Studio Solution File, Format Version 12.00
# Visual Studio Version 16
VisualStudioVersion = 16.0.30717.126
MinimumVisualStudioVersion = 10.0.40219.1
Project("{FAE04EC0-301F-11D3-BF4B-00C04F79EFBC}") = "CustomEnergyBar", "CustomEnergyBar\CustomEnergyBar.csproj", "{7C1A10DA-1DA5-46AB-B58A-EB49ED8D232F}"
EndProject
Global
	GlobalSection(SolutionConfigurationPlatforms) = preSolution
		Debug|Any CPU = Debug|Any CPU
		Release|Any CPU = Release|Any CPU
	EndGlobalSection
	GlobalSection(ProjectConfigurationPlatforms) = postSolution
		{7C1A10DA-1DA5-46AB-B58A-EB49ED8D232F}.Debug|Any CPU.ActiveCfg = Debug|Any CPU
		{7C1A10DA-1DA5-46AB-B58A-EB49ED8D232F}.Debug|Any CPU.Build.0 = Debug|Any CPU
		{7C1A10DA-1DA5-46AB-B58A-EB49ED8D232F}.Release|Any CPU.ActiveCfg = Release|Any CPU
		{7C1A10DA-1DA5-46AB-B58A-EB49ED8D232F}.Release|Any CPU.Build.0 = Release|Any CPU
	EndGlobalSection
	GlobalSection(SolutionProperties) = preSolution
		HideSolutionNode = FALSE
	EndGlobalSection
	GlobalSection(ExtensibilityGlobals) = postSolution
		SolutionGuid = {058F1F9C-66A8-4166-9AA0-180EA1731677}
	EndGlobalSection
EndGlobal
